
Microsoft Visual Studio Solution File, Format Version 12.00
# Visual Studio Version 17
VisualStudioVersion = 17.11.35312.102
MinimumVisualStudioVersion = 10.0.40219.1
Project("{FAE04EC0-301F-11D3-BF4B-00C04F79EFBC}") = "PracticalWork1OAiPEase", "PracticalWork1OAiPEase.csproj", "{83DAA544-4D87-4111-B23C-6AF1EA93BA1C}"
EndProject
Global
	GlobalSection(SolutionConfigurationPlatforms) = preSolution
		Debug|Any CPU = Debug|Any CPU
		Release|Any CPU = Release|Any CPU
	EndGlobalSection
	GlobalSection(ProjectConfigurationPlatforms) = postSolution
		{83DAA544-4D87-4111-B23C-6AF1EA93BA1C}.Debug|Any CPU.ActiveCfg = Debug|Any CPU
		{83DAA544-4D87-4111-B23C-6AF1EA93BA1C}.Debug|Any CPU.Build.0 = Debug|Any CPU
		{83DAA544-4D87-4111-B23C-6AF1EA93BA1C}.Release|Any CPU.ActiveCfg = Release|Any CPU
		{83DAA544-4D87-4111-B23C-6AF1EA93BA1C}.Release|Any CPU.Build.0 = Release|Any CPU
	EndGlobalSection
	GlobalSection(SolutionProperties) = preSolution
		HideSolutionNode = FALSE
	EndGlobalSection
	GlobalSection(ExtensibilityGlobals) = postSolution
		SolutionGuid = {F0B3BE34-CFF3-4E10-9697-154223F499CE}
	EndGlobalSection
EndGlobal
